
Microsoft Visual Studio Solution File, Format Version 12.00
# Visual Studio 15
VisualStudioVersion = 15.0.28307.168
MinimumVisualStudioVersion = 10.0.40219.1
Project("{2150E333-8FDC-42A3-9474-1A3956D46DE8}") = "src", "src", "{7188CB35-0F90-4672-809D-8970CF5FA57A}"
EndProject
Project("{9A19103F-16F7-4668-BE54-9A1E7A4F7556}") = "QuEve.Web", "src\QuEve.Web\QuEve.Web.csproj", "{EBCAC587-A4D0-4CB4-AD09-EAAE419258A2}"
EndProject
Project("{9A19103F-16F7-4668-BE54-9A1E7A4F7556}") = "QuEve.Core", "src\QuEve.Core\QuEve.Core.csproj", "{1A070EBB-272D-4EEE-8D05-269A329792AC}"
EndProject
Project("{9A19103F-16F7-4668-BE54-9A1E7A4F7556}") = "QuEve.Infrastructure", "src\QuEve.Infrastructure\QuEve.Infrastructure.csproj", "{E3273B6A-1984-4E68-9548-CD554EDA1B12}"
EndProject
Project("{2150E333-8FDC-42A3-9474-1A3956D46DE8}") = "lib", "lib", "{D9E9BA7D-9CB1-4DAB-9ECB-8C9717BB868F}"
EndProject
Project("{9A19103F-16F7-4668-BE54-9A1E7A4F7556}") = "EVEStandard", "..\EVEStandard\EVEStandard\EVEStandard.csproj", "{2F59AC6B-D043-44BE-AAB9-08AC689F3B26}"
EndProject
Project("{FAE04EC0-301F-11D3-BF4B-00C04F79EFBC}") = "ConsoleApp1", "src\ConsoleApp1\ConsoleApp1.csproj", "{7349B87F-47D2-4BCD-AD3E-F1CF27A75FF0}"
EndProject
Global
	GlobalSection(SolutionConfigurationPlatforms) = preSolution
		Debug|Any CPU = Debug|Any CPU
		Release|Any CPU = Release|Any CPU
	EndGlobalSection
	GlobalSection(ProjectConfigurationPlatforms) = postSolution
		{EBCAC587-A4D0-4CB4-AD09-EAAE419258A2}.Debug|Any CPU.ActiveCfg = Debug|Any CPU
		{EBCAC587-A4D0-4CB4-AD09-EAAE419258A2}.Debug|Any CPU.Build.0 = Debug|Any CPU
		{EBCAC587-A4D0-4CB4-AD09-EAAE419258A2}.Release|Any CPU.ActiveCfg = Release|Any CPU
		{EBCAC587-A4D0-4CB4-AD09-EAAE419258A2}.Release|Any CPU.Build.0 = Release|Any CPU
		{1A070EBB-272D-4EEE-8D05-269A329792AC}.Debug|Any CPU.ActiveCfg = Debug|Any CPU
		{1A070EBB-272D-4EEE-8D05-269A329792AC}.Debug|Any CPU.Build.0 = Debug|Any CPU
		{1A070EBB-272D-4EEE-8D05-269A329792AC}.Release|Any CPU.ActiveCfg = Release|Any CPU
		{1A070EBB-272D-4EEE-8D05-269A329792AC}.Release|Any CPU.Build.0 = Release|Any CPU
		{E3273B6A-1984-4E68-9548-CD554EDA1B12}.Debug|Any CPU.ActiveCfg = Debug|Any CPU
		{E3273B6A-1984-4E68-9548-CD554EDA1B12}.Debug|Any CPU.Build.0 = Debug|Any CPU
		{E3273B6A-1984-4E68-9548-CD554EDA1B12}.Release|Any CPU.ActiveCfg = Release|Any CPU
		{E3273B6A-1984-4E68-9548-CD554EDA1B12}.Release|Any CPU.Build.0 = Release|Any CPU
		{2F59AC6B-D043-44BE-AAB9-08AC689F3B26}.Debug|Any CPU.ActiveCfg = Debug|Any CPU
		{2F59AC6B-D043-44BE-AAB9-08AC689F3B26}.Debug|Any CPU.Build.0 = Debug|Any CPU
		{2F59AC6B-D043-44BE-AAB9-08AC689F3B26}.Release|Any CPU.ActiveCfg = Release|Any CPU
		{2F59AC6B-D043-44BE-AAB9-08AC689F3B26}.Release|Any CPU.Build.0 = Release|Any CPU
		{7349B87F-47D2-4BCD-AD3E-F1CF27A75FF0}.Debug|Any CPU.ActiveCfg = Debug|Any CPU
		{7349B87F-47D2-4BCD-AD3E-F1CF27A75FF0}.Debug|Any CPU.Build.0 = Debug|Any CPU
		{7349B87F-47D2-4BCD-AD3E-F1CF27A75FF0}.Release|Any CPU.ActiveCfg = Release|Any CPU
		{7349B87F-47D2-4BCD-AD3E-F1CF27A75FF0}.Release|Any CPU.Build.0 = Release|Any CPU
	EndGlobalSection
	GlobalSection(SolutionProperties) = preSolution
		HideSolutionNode = FALSE
	EndGlobalSection
	GlobalSection(NestedProjects) = preSolution
		{EBCAC587-A4D0-4CB4-AD09-EAAE419258A2} = {7188CB35-0F90-4672-809D-8970CF5FA57A}
		{1A070EBB-272D-4EEE-8D05-269A329792AC} = {7188CB35-0F90-4672-809D-8970CF5FA57A}
		{E3273B6A-1984-4E68-9548-CD554EDA1B12} = {7188CB35-0F90-4672-809D-8970CF5FA57A}
		{2F59AC6B-D043-44BE-AAB9-08AC689F3B26} = {D9E9BA7D-9CB1-4DAB-9ECB-8C9717BB868F}
		{7349B87F-47D2-4BCD-AD3E-F1CF27A75FF0} = {7188CB35-0F90-4672-809D-8970CF5FA57A}
	EndGlobalSection
	GlobalSection(ExtensibilityGlobals) = postSolution
		SolutionGuid = {1C8AC5C2-9236-477B-8A5D-B672CF7B4CFD}
	EndGlobalSection
EndGlobal
